
Microsoft Visual Studio Solution File, Format Version 12.00
# Visual Studio Version 16
VisualStudioVersion = 16.0.30804.86
MinimumVisualStudioVersion = 10.0.40219.1
Project("{9A19103F-16F7-4668-BE54-9A1E7A4F7556}") = "DotNet.Core.Console.Exemple", "DotNet.Core.Console.Exemple\DotNet.Core.Console.Exemple.csproj", "{08F6E1D9-3DDE-45A2-8546-B9212C73668E}"
EndProject
Project("{FAE04EC0-301F-11D3-BF4B-00C04F79EFBC}") = "DotNet.Core.XUnit", "DotNet.Core.XUnit\DotNet.Core.XUnit.csproj", "{C841FD44-9DD9-42F8-BA8E-112AF2266AE3}"
EndProject
Global
	GlobalSection(SolutionConfigurationPlatforms) = preSolution
		Debug|Any CPU = Debug|Any CPU
		Release|Any CPU = Release|Any CPU
	EndGlobalSection
	GlobalSection(ProjectConfigurationPlatforms) = postSolution
		{08F6E1D9-3DDE-45A2-8546-B9212C73668E}.Debug|Any CPU.ActiveCfg = Debug|Any CPU
		{08F6E1D9-3DDE-45A2-8546-B9212C73668E}.Debug|Any CPU.Build.0 = Debug|Any CPU
		{08F6E1D9-3DDE-45A2-8546-B9212C73668E}.Release|Any CPU.ActiveCfg = Release|Any CPU
		{08F6E1D9-3DDE-45A2-8546-B9212C73668E}.Release|Any CPU.Build.0 = Release|Any CPU
		{C841FD44-9DD9-42F8-BA8E-112AF2266AE3}.Debug|Any CPU.ActiveCfg = Debug|Any CPU
		{C841FD44-9DD9-42F8-BA8E-112AF2266AE3}.Debug|Any CPU.Build.0 = Debug|Any CPU
		{C841FD44-9DD9-42F8-BA8E-112AF2266AE3}.Release|Any CPU.ActiveCfg = Release|Any CPU
		{C841FD44-9DD9-42F8-BA8E-112AF2266AE3}.Release|Any CPU.Build.0 = Release|Any CPU
	EndGlobalSection
	GlobalSection(SolutionProperties) = preSolution
		HideSolutionNode = FALSE
	EndGlobalSection
	GlobalSection(ExtensibilityGlobals) = postSolution
		SolutionGuid = {F8CC1C3B-635B-421D-80AB-4200496D17D3}
	EndGlobalSection
EndGlobal
